# This file is automatically @generated by Cargo.
# It is not intended for manual editing.
version = 4

[[package]]
name = "mundi-content"
version = "0.1.0"

[[package]]
name = "mundi-convert"
version = "0.1.0"
dependencies = [
 "mundi-content",
]

[[package]]
name = "mundi-net"
version = "0.1.0"
dependencies = [
 "mundi-protocol",
]

[[package]]
name = "mundi-protocol"
version = "0.1.0"

[[package]]
name = "mundi-render"
version = "0.1.0"
dependencies = [
 "mundi-protocol",
]

[[package]]
name = "mundi-server"
version = "0.1.0"
dependencies = [
 "mundi-content",
 "mundi-net",
 "mundi-protocol",
 "mundi-render",
 "mundi-sim",
 "mundi-store",
]

[[package]]
name = "mundi-sim"
version = "0.1.0"
dependencies = [
 "mundi-content",
 "mundi-protocol",
]

[[package]]
name = "mundi-store"
version = "0.1.0"
